// !$*UTF8*$!
{
	archiveVersion = 1;
	classes = {
	};
	objectVersion = 50;
	objects = {

/* Begin PBXBuildFile section */
		0B6B79D720C17B0A0036C4FD /* AppDelegate.m in Sources */ = {isa = PBXBuildFile; fileRef = 0B6B79D620C17B0A0036C4FD /* AppDelegate.m */; };
		0B6B79D920C17B0C0036C4FD /* Assets.xcassets in Resources */ = {isa = PBXBuildFile; fileRef = 0B6B79D820C17B0C0036C4FD /* Assets.xcassets */; };
		0B6B79DC20C17B0C0036C4FD /* MainMenu.xib in Resources */ = {isa = PBXBuildFile; fileRef = 0B6B79DA20C17B0C0036C4FD /* MainMenu.xib */; };
		0B6B79DF20C17B0C0036C4FD /* main.m in Sources */ = {isa = PBXBuildFile; fileRef = 0B6B79DE20C17B0C0036C4FD /* main.m */; };
		0B6B79EA20C17B0C0036C4FD /* JsonObjectTests.m in Sources */ = {isa = PBXBuildFile; fileRef = 0B6B79E920C17B0C0036C4FD /* JsonObjectTests.m */; };
		0B6B79F520C17B0C0036C4FD /* JsonObjectUITests.m in Sources */ = {isa = PBXBuildFile; fileRef = 0B6B79F420C17B0C0036C4FD /* JsonObjectUITests.m */; };
		0B6B7A0520C17B6B0036C4FD /* RootVC.m in Sources */ = {isa = PBXBuildFile; fileRef = 0B6B7A0320C17B6B0036C4FD /* RootVC.m */; };
		0B6B7A0620C17B6B0036C4FD /* RootVC.xib in Resources */ = {isa = PBXBuildFile; fileRef = 0B6B7A0420C17B6B0036C4FD /* RootVC.xib */; };
		0BEF6AFF21460397003E8C34 /* XHModelClass.m in Sources */ = {isa = PBXBuildFile; fileRef = 0BEF6AFE21460397003E8C34 /* XHModelClass.m */; };
		0BEF6B3721469614003E8C34 /* XHTypeClass.m in Sources */ = {isa = PBXBuildFile; fileRef = 0BEF6B3621469614003E8C34 /* XHTypeClass.m */; };
		0BEF6B3A21469923003E8C34 /* XHKeywordClass.m in Sources */ = {isa = PBXBuildFile; fileRef = 0BEF6B3921469923003E8C34 /* XHKeywordClass.m */; };
		0BEF6B3D21469BE2003E8C34 /* XHPropertyClass.m in Sources */ = {isa = PBXBuildFile; fileRef = 0BEF6B3C21469BE2003E8C34 /* XHPropertyClass.m */; };
		0BEF6B63214ABC17003E8C34 /* XHModelParser.m in Sources */ = {isa = PBXBuildFile; fileRef = 0BEF6B62214ABC17003E8C34 /* XHModelParser.m */; };
/* End PBXBuildFile section */

/* Begin PBXContainerItemProxy section */
		0B6B79E620C17B0C0036C4FD /* PBXContainerItemProxy */ = {
			isa = PBXContainerItemProxy;
			containerPortal = 0B6B79CA20C17B0A0036C4FD /* Project object */;
			proxyType = 1;
			remoteGlobalIDString = 0B6B79D120C17B0A0036C4FD;
			remoteInfo = JsonObject;
		};
		0B6B79F120C17B0C0036C4FD /* PBXContainerItemProxy */ = {
			isa = PBXContainerItemProxy;
			containerPortal = 0B6B79CA20C17B0A0036C4FD /* Project object */;
			proxyType = 1;
			remoteGlobalIDString = 0B6B79D120C17B0A0036C4FD;
			remoteInfo = JsonObject;
		};
/* End PBXContainerItemProxy section */

/* Begin PBXFileReference section */
		0B6B79D220C17B0A0036C4FD /* JsonObject.app */ = {isa = PBXFileReference; explicitFileType = wrapper.application; includeInIndex = 0; path = JsonObject.app; sourceTree = BUILT_PRODUCTS_DIR; };
		0B6B79D520C17B0A0036C4FD /* AppDelegate.h */ = {isa = PBXFileReference; lastKnownFileType = sourcecode.c.h; path = AppDelegate.h; sourceTree = "<group>"; };
		0B6B79D620C17B0A0036C4FD /* AppDelegate.m */ = {isa = PBXFileReference; lastKnownFileType = sourcecode.c.objc; path = AppDelegate.m; sourceTree = "<group>"; };
		0B6B79D820C17B0C0036C4FD /* Assets.xcassets */ = {isa = PBXFileReference; lastKnownFileType = folder.assetcatalog; path = Assets.xcassets; sourceTree = "<group>"; };
		0B6B79DB20C17B0C0036C4FD /* Base */ = {isa = PBXFileReference; lastKnownFileType = file.xib; name = Base; path = Base.lproj/MainMenu.xib; sourceTree = "<group>"; };
		0B6B79DD20C17B0C0036C4FD /* Info.plist */ = {isa = PBXFileReference; lastKnownFileType = text.plist.xml; path = Info.plist; sourceTree = "<group>"; };
		0B6B79DE20C17B0C0036C4FD /* main.m */ = {isa = PBXFileReference; lastKnownFileType = sourcecode.c.objc; path = main.m; sourceTree = "<group>"; };
		0B6B79E020C17B0C0036C4FD /* JsonObject.entitlements */ = {isa = PBXFileReference; lastKnownFileType = text.plist.entitlements; path = JsonObject.entitlements; sourceTree = "<group>"; };
		0B6B79E520C17B0C0036C4FD /* JsonObjectTests.xctest */ = {isa = PBXFileReference; explicitFileType = wrapper.cfbundle; includeInIndex = 0; path = JsonObjectTests.xctest; sourceTree = BUILT_PRODUCTS_DIR; };
		0B6B79E920C17B0C0036C4FD /* JsonObjectTests.m */ = {isa = PBXFileReference; lastKnownFileType = sourcecode.c.objc; path = JsonObjectTests.m; sourceTree = "<group>"; };
		0B6B79EB20C17B0C0036C4FD /* Info.plist */ = {isa = PBXFileReference; lastKnownFileType = text.plist.xml; path = Info.plist; sourceTree = "<group>"; };
		0B6B79F020C17B0C0036C4FD /* JsonObjectUITests.xctest */ = {isa = PBXFileReference; explicitFileType = wrapper.cfbundle; includeInIndex = 0; path = JsonObjectUITests.xctest; sourceTree = BUILT_PRODUCTS_DIR; };
		0B6B79F420C17B0C0036C4FD /* JsonObjectUITests.m */ = {isa = PBXFileReference; lastKnownFileType = sourcecode.c.objc; path = JsonObjectUITests.m; sourceTree = "<group>"; };
		0B6B79F620C17B0C0036C4FD /* Info.plist */ = {isa = PBXFileReference; lastKnownFileType = text.plist.xml; path = Info.plist; sourceTree = "<group>"; };
		0B6B7A0220C17B6B0036C4FD /* RootVC.h */ = {isa = PBXFileReference; lastKnownFileType = sourcecode.c.h; path = RootVC.h; sourceTree = "<group>"; };
		0B6B7A0320C17B6B0036C4FD /* RootVC.m */ = {isa = PBXFileReference; lastKnownFileType = sourcecode.c.objc; path = RootVC.m; sourceTree = "<group>"; };
		0B6B7A0420C17B6B0036C4FD /* RootVC.xib */ = {isa = PBXFileReference; lastKnownFileType = file.xib; path = RootVC.xib; sourceTree = "<group>"; };
		0BEF6AFD21460397003E8C34 /* XHModelClass.h */ = {isa = PBXFileReference; lastKnownFileType = sourcecode.c.h; path = XHModelClass.h; sourceTree = "<group>"; };
		0BEF6AFE21460397003E8C34 /* XHModelClass.m */ = {isa = PBXFileReference; lastKnownFileType = sourcecode.c.objc; path = XHModelClass.m; sourceTree = "<group>"; };
		0BEF6B3521469614003E8C34 /* XHTypeClass.h */ = {isa = PBXFileReference; lastKnownFileType = sourcecode.c.h; path = XHTypeClass.h; sourceTree = "<group>"; };
		0BEF6B3621469614003E8C34 /* XHTypeClass.m */ = {isa = PBXFileReference; lastKnownFileType = sourcecode.c.objc; path = XHTypeClass.m; sourceTree = "<group>"; };
		0BEF6B3821469923003E8C34 /* XHKeywordClass.h */ = {isa = PBXFileReference; lastKnownFileType = sourcecode.c.h; path = XHKeywordClass.h; sourceTree = "<group>"; };
		0BEF6B3921469923003E8C34 /* XHKeywordClass.m */ = {isa = PBXFileReference; lastKnownFileType = sourcecode.c.objc; path = XHKeywordClass.m; sourceTree = "<group>"; };
		0BEF6B3B21469BE2003E8C34 /* XHPropertyClass.h */ = {isa = PBXFileReference; lastKnownFileType = sourcecode.c.h; path = XHPropertyClass.h; sourceTree = "<group>"; };
		0BEF6B3C21469BE2003E8C34 /* XHPropertyClass.m */ = {isa = PBXFileReference; lastKnownFileType = sourcecode.c.objc; path = XHPropertyClass.m; sourceTree = "<group>"; };
		0BEF6B61214ABC17003E8C34 /* XHModelParser.h */ = {isa = PBXFileReference; lastKnownFileType = sourcecode.c.h; path = XHModelParser.h; sourceTree = "<group>"; };
		0BEF6B62214ABC17003E8C34 /* XHModelParser.m */ = {isa = PBXFileReference; lastKnownFileType = sourcecode.c.objc; path = XHModelParser.m; sourceTree = "<group>"; };
/* End PBXFileReference section */

/* Begin PBXFrameworksBuildPhase section */
		0B6B79CF20C17B0A0036C4FD /* Frameworks */ = {
			isa = PBXFrameworksBuildPhase;
			buildActionMask = 2147483647;
			files = (
			);
			runOnlyForDeploymentPostprocessing = 0;
		};
		0B6B79E220C17B0C0036C4FD /* Frameworks */ = {
			isa = PBXFrameworksBuildPhase;
			buildActionMask = 2147483647;
			files = (
			);
			runOnlyForDeploymentPostprocessing = 0;
		};
		0B6B79ED20C17B0C0036C4FD /* Frameworks */ = {
			isa = PBXFrameworksBuildPhase;
			buildActionMask = 2147483647;
			files = (
			);
			runOnlyForDeploymentPostprocessing = 0;
		};
/* End PBXFrameworksBuildPhase section */

/* Begin PBXGroup section */
		0B6B79C920C17B0A0036C4FD = {
			isa = PBXGroup;
			children = (
				0B6B79D420C17B0A0036C4FD /* JsonObject */,
				0B6B79E820C17B0C0036C4FD /* JsonObjectTests */,
				0B6B79F320C17B0C0036C4FD /* JsonObjectUITests */,
				0B6B79D320C17B0A0036C4FD /* Products */,
			);
			sourceTree = "<group>";
		};
		0B6B79D320C17B0A0036C4FD /* Products */ = {
			isa = PBXGroup;
			children = (
				0B6B79D220C17B0A0036C4FD /* JsonObject.app */,
				0B6B79E520C17B0C0036C4FD /* JsonObjectTests.xctest */,
				0B6B79F020C17B0C0036C4FD /* JsonObjectUITests.xctest */,
			);
			name = Products;
			sourceTree = "<group>";
		};
		0B6B79D420C17B0A0036C4FD /* JsonObject */ = {
			isa = PBXGroup;
			children = (
				0B6B79D520C17B0A0036C4FD /* AppDelegate.h */,
				0B6B79D620C17B0A0036C4FD /* AppDelegate.m */,
				0B6B7A0220C17B6B0036C4FD /* RootVC.h */,
				0B6B7A0320C17B6B0036C4FD /* RootVC.m */,
				0B6B7A0420C17B6B0036C4FD /* RootVC.xib */,
				0BEF6B34214695F6003E8C34 /* ValueType */,
				0BEF6AFC21460379003E8C34 /* ModelClass */,
				0B6B79D820C17B0C0036C4FD /* Assets.xcassets */,
				0B6B79DA20C17B0C0036C4FD /* MainMenu.xib */,
				0B6B79DD20C17B0C0036C4FD /* Info.plist */,
				0B6B79DE20C17B0C0036C4FD /* main.m */,
				0B6B79E020C17B0C0036C4FD /* JsonObject.entitlements */,
			);
			path = JsonObject;
			sourceTree = "<group>";
		};
		0B6B79E820C17B0C0036C4FD /* JsonObjectTests */ = {
			isa = PBXGroup;
			children = (
				0B6B79E920C17B0C0036C4FD /* JsonObjectTests.m */,
				0B6B79EB20C17B0C0036C4FD /* Info.plist */,
			);
			path = JsonObjectTests;
			sourceTree = "<group>";
		};
		0B6B79F320C17B0C0036C4FD /* JsonObjectUITests */ = {
			isa = PBXGroup;
			children = (
				0B6B79F420C17B0C0036C4FD /* JsonObjectUITests.m */,
				0B6B79F620C17B0C0036C4FD /* Info.plist */,
			);
			path = JsonObjectUITests;
			sourceTree = "<group>";
		};
		0BEF6AFC21460379003E8C34 /* ModelClass */ = {
			isa = PBXGroup;
			children = (
				0BEF6AFD21460397003E8C34 /* XHModelClass.h */,
				0BEF6AFE21460397003E8C34 /* XHModelClass.m */,
				0BEF6B61214ABC17003E8C34 /* XHModelParser.h */,
				0BEF6B62214ABC17003E8C34 /* XHModelParser.m */,
			);
			path = ModelClass;
			sourceTree = "<group>";
		};
		0BEF6B34214695F6003E8C34 /* ValueType */ = {
			isa = PBXGroup;
			children = (
				0BEF6B3521469614003E8C34 /* XHTypeClass.h */,
				0BEF6B3621469614003E8C34 /* XHTypeClass.m */,
				0BEF6B3821469923003E8C34 /* XHKeywordClass.h */,
				0BEF6B3921469923003E8C34 /* XHKeywordClass.m */,
				0BEF6B3B21469BE2003E8C34 /* XHPropertyClass.h */,
				0BEF6B3C21469BE2003E8C34 /* XHPropertyClass.m */,
			);
			path = ValueType;
			sourceTree = "<group>";
		};
/* End PBXGroup section */

/* Begin PBXNativeTarget section */
		0B6B79D120C17B0A0036C4FD /* JsonObject */ = {
			isa = PBXNativeTarget;
			buildConfigurationList = 0B6B79F920C17B0C0036C4FD /* Build configuration list for PBXNativeTarget "JsonObject" */;
			buildPhases = (
				0B6B79CE20C17B0A0036C4FD /* Sources */,
				0B6B79CF20C17B0A0036C4FD /* Frameworks */,
				0B6B79D020C17B0A0036C4FD /* Resources */,
			);
			buildRules = (
			);
			dependencies = (
			);
			name = JsonObject;
			productName = JsonObject;
			productReference = 0B6B79D220C17B0A0036C4FD /* JsonObject.app */;
			productType = "com.apple.product-type.application";
		};
		0B6B79E420C17B0C0036C4FD /* JsonObjectTests */ = {
			isa = PBXNativeTarget;
			buildConfigurationList = 0B6B79FC20C17B0C0036C4FD /* Build configuration list for PBXNativeTarget "JsonObjectTests" */;
			buildPhases = (
				0B6B79E120C17B0C0036C4FD /* Sources */,
				0B6B79E220C17B0C0036C4FD /* Frameworks */,
				0B6B79E320C17B0C0036C4FD /* Resources */,
			);
			buildRules = (
			);
			dependencies = (
				0B6B79E720C17B0C0036C4FD /* PBXTargetDependency */,
			);
			name = JsonObjectTests;
			productName = JsonObjectTests;
			productReference = 0B6B79E520C17B0C0036C4FD /* JsonObjectTests.xctest */;
			productType = "com.apple.product-type.bundle.unit-test";
		};
		0B6B79EF20C17B0C0036C4FD /* JsonObjectUITests */ = {
			isa = PBXNativeTarget;
			buildConfigurationList = 0B6B79FF20C17B0C0036C4FD /* Build configuration list for PBXNativeTarget "JsonObjectUITests" */;
			buildPhases = (
				0B6B79EC20C17B0C0036C4FD /* Sources */,
				0B6B79ED20C17B0C0036C4FD /* Frameworks */,
				0B6B79EE20C17B0C0036C4FD /* Resources */,
			);
			buildRules = (
			);
			dependencies = (
				0B6B79F220C17B0C0036C4FD /* PBXTargetDependency */,
			);
			name = JsonObjectUITests;
			productName = JsonObjectUITests;
			productReference = 0B6B79F020C17B0C0036C4FD /* JsonObjectUITests.xctest */;
			productType = "com.apple.product-type.bundle.ui-testing";
		};
/* End PBXNativeTarget section */

/* Begin PBXProject section */
		0B6B79CA20C17B0A0036C4FD /* Project object */ = {
			isa = PBXProject;
			attributes = {
				LastUpgradeCheck = 0930;
				ORGANIZATIONNAME = "黄斌";
				TargetAttributes = {
					0B6B79D120C17B0A0036C4FD = {
						CreatedOnToolsVersion = 9.3.1;
						SystemCapabilities = {
							com.apple.Sandbox = {
								enabled = 1;
							};
						};
					};
					0B6B79E420C17B0C0036C4FD = {
						CreatedOnToolsVersion = 9.3.1;
						TestTargetID = 0B6B79D120C17B0A0036C4FD;
					};
					0B6B79EF20C17B0C0036C4FD = {
						CreatedOnToolsVersion = 9.3.1;
						TestTargetID = 0B6B79D120C17B0A0036C4FD;
					};
				};
			};
			buildConfigurationList = 0B6B79CD20C17B0A0036C4FD /* Build configuration list for PBXProject "JsonObject" */;
			compatibilityVersion = "Xcode 9.3";
			developmentRegion = en;
			hasScannedForEncodings = 0;
			knownRegions = (
				en,
				Base,
			);
			mainGroup = 0B6B79C920C17B0A0036C4FD;
			productRefGroup = 0B6B79D320C17B0A0036C4FD /* Products */;
			projectDirPath = "";
			projectRoot = "";
			targets = (
				0B6B79D120C17B0A0036C4FD /* JsonObject */,
				0B6B79E420C17B0C0036C4FD /* JsonObjectTests */,
				0B6B79EF20C17B0C0036C4FD /* JsonObjectUITests */,
			);
		};
/* End PBXProject section */

/* Begin PBXResourcesBuildPhase section */
		0B6B79D020C17B0A0036C4FD /* Resources */ = {
			isa = PBXResourcesBuildPhase;
			buildActionMask = 2147483647;
			files = (
				0B6B79D920C17B0C0036C4FD /* Assets.xcassets in Resources */,
				0B6B79DC20C17B0C0036C4FD /* MainMenu.xib in Resources */,
				0B6B7A0620C17B6B0036C4FD /* RootVC.xib in Resources */,
			);
			runOnlyForDeploymentPostprocessing = 0;
		};
		0B6B79E320C17B0C0036C4FD /* Resources */ = {
			isa = PBXResourcesBuildPhase;
			buildActionMask = 2147483647;
			files = (
			);
			runOnlyForDeploymentPostprocessing = 0;
		};
		0B6B79EE20C17B0C0036C4FD /* Resources */ = {
			isa = PBXResourcesBuildPhase;
			buildActionMask = 2147483647;
			files = (
			);
			runOnlyForDeploymentPostprocessing = 0;
		};
/* End PBXResourcesBuildPhase section */

/* Begin PBXSourcesBuildPhase section */
		0B6B79CE20C17B0A0036C4FD /* Sources */ = {
			isa = PBXSourcesBuildPhase;
			buildActionMask = 2147483647;
			files = (
				0BEF6AFF21460397003E8C34 /* XHModelClass.m in Sources */,
				0B6B7A0520C17B6B0036C4FD /* RootVC.m in Sources */,
				0B6B79DF20C17B0C0036C4FD /* main.m in Sources */,
				0B6B79D720C17B0A0036C4FD /* AppDelegate.m in Sources */,
				0BEF6B3A21469923003E8C34 /* XHKeywordClass.m in Sources */,
				0BEF6B63214ABC17003E8C34 /* XHModelParser.m in Sources */,
				0BEF6B3D21469BE2003E8C34 /* XHPropertyClass.m in Sources */,
				0BEF6B3721469614003E8C34 /* XHTypeClass.m in Sources */,
			);
			runOnlyForDeploymentPostprocessing = 0;
		};
		0B6B79E120C17B0C0036C4FD /* Sources */ = {
			isa = PBXSourcesBuildPhase;
			buildActionMask = 2147483647;
			files = (
				0B6B79EA20C17B0C0036C4FD /* JsonObjectTests.m in Sources */,
			);
			runOnlyForDeploymentPostprocessing = 0;
		};
		0B6B79EC20C17B0C0036C4FD /* Sources */ = {
			isa = PBXSourcesBuildPhase;
			buildActionMask = 2147483647;
			files = (
				0B6B79F520C17B0C0036C4FD /* JsonObjectUITests.m in Sources */,
			);
			runOnlyForDeploymentPostprocessing = 0;
		};
/* End PBXSourcesBuildPhase section */

/* Begin PBXTargetDependency section */
		0B6B79E720C17B0C0036C4FD /* PBXTargetDependency */ = {
			isa = PBXTargetDependency;
			target = 0B6B79D120C17B0A0036C4FD /* JsonObject */;
			targetProxy = 0B6B79E620C17B0C0036C4FD /* PBXContainerItemProxy */;
		};
		0B6B79F220C17B0C0036C4FD /* PBXTargetDependency */ = {
			isa = PBXTargetDependency;
			target = 0B6B79D120C17B0A0036C4FD /* JsonObject */;
			targetProxy = 0B6B79F120C17B0C0036C4FD /* PBXContainerItemProxy */;
		};
/* End PBXTargetDependency section */

/* Begin PBXVariantGroup section */
		0B6B79DA20C17B0C0036C4FD /* MainMenu.xib */ = {
			isa = PBXVariantGroup;
			children = (
				0B6B79DB20C17B0C0036C4FD /* Base */,
			);
			name = MainMenu.xib;
			sourceTree = "<group>";
		};
/* End PBXVariantGroup section */

/* Begin XCBuildConfiguration section */
		0B6B79F720C17B0C0036C4FD /* Debug */ = {
			isa = XCBuildConfiguration;
			buildSettings = {
				ALWAYS_SEARCH_USER_PATHS = NO;
				CLANG_ANALYZER_NONNULL = YES;
				CLANG_ANALYZER_NUMBER_OBJECT_CONVERSION = YES_AGGRESSIVE;
				CLANG_CXX_LANGUAGE_STANDARD = "gnu++14";
				CLANG_CXX_LIBRARY = "libc++";
				CLANG_ENABLE_MODULES = YES;
				CLANG_ENABLE_OBJC_ARC = YES;
				CLANG_ENABLE_OBJC_WEAK = YES;
				CLANG_WARN_BLOCK_CAPTURE_AUTORELEASING = YES;
				CLANG_WARN_BOOL_CONVERSION = YES;
				CLANG_WARN_COMMA = YES;
				CLANG_WARN_CONSTANT_CONVERSION = YES;
				CLANG_WARN_DEPRECATED_OBJC_IMPLEMENTATIONS = YES;
				CLANG_WARN_DIRECT_OBJC_ISA_USAGE = YES_ERROR;
				CLANG_WARN_DOCUMENTATION_COMMENTS = YES;
				CLANG_WARN_EMPTY_BODY = YES;
				CLANG_WARN_ENUM_CONVERSION = YES;
				CLANG_WARN_INFINITE_RECURSION = YES;
				CLANG_WARN_INT_CONVERSION = YES;
				CLANG_WARN_NON_LITERAL_NULL_CONVERSION = YES;
				CLANG_WARN_OBJC_IMPLICIT_RETAIN_SELF = YES;
				CLANG_WARN_OBJC_LITERAL_CONVERSION = YES;
				CLANG_WARN_OBJC_ROOT_CLASS = YES_ERROR;
				CLANG_WARN_RANGE_LOOP_ANALYSIS = YES;
				CLANG_WARN_STRICT_PROTOTYPES = YES;
				CLANG_WARN_SUSPICIOUS_MOVE = YES;
				CLANG_WARN_UNGUARDED_AVAILABILITY = YES_AGGRESSIVE;
				CLANG_WARN_UNREACHABLE_CODE = YES;
				CLANG_WARN__DUPLICATE_METHOD_MATCH = YES;
				CODE_SIGN_IDENTITY = "Mac Developer";
				COPY_PHASE_STRIP = NO;
				DEBUG_INFORMATION_FORMAT = dwarf;
				ENABLE_STRICT_OBJC_MSGSEND = YES;
				ENABLE_TESTABILITY = YES;
				GCC_C_LANGUAGE_STANDARD = gnu11;
				GCC_DYNAMIC_NO_PIC = NO;
				GCC_NO_COMMON_BLOCKS = YES;
				GCC_OPTIMIZATION_LEVEL = 0;
				GCC_PREPROCESSOR_DEFINITIONS = (
					"DEBUG=1",
					"$(inherited)",
				);
				GCC_WARN_64_TO_32_BIT_CONVERSION = YES;
				GCC_WARN_ABOUT_RETURN_TYPE = YES_ERROR;
				GCC_WARN_UNDECLARED_SELECTOR = YES;
				GCC_WARN_UNINITIALIZED_AUTOS = YES_AGGRESSIVE;
				GCC_WARN_UNUSED_FUNCTION = YES;
				GCC_WARN_UNUSED_VARIABLE = YES;
				MACOSX_DEPLOYMENT_TARGET = 10.10;
				MTL_ENABLE_DEBUG_INFO = YES;
				ONLY_ACTIVE_ARCH = YES;
				SDKROOT = macosx;
			};
			name = Debug;
		};
		0B6B79F820C17B0C0036C4FD /* Release */ = {
			isa = XCBuildConfiguration;
			buildSettings = {
				ALWAYS_SEARCH_USER_PATHS = NO;
				CLANG_ANALYZER_NONNULL = YES;
				CLANG_ANALYZER_NUMBER_OBJECT_CONVERSION = YES_AGGRESSIVE;
				CLANG_CXX_LANGUAGE_STANDARD = "gnu++14";
				CLANG_CXX_LIBRARY = "libc++";
				CLANG_ENABLE_MODULES = YES;
				CLANG_ENABLE_OBJC_ARC = YES;
				CLANG_ENABLE_OBJC_WEAK = YES;
				CLANG_WARN_BLOCK_CAPTURE_AUTORELEASING = YES;
				CLANG_WARN_BOOL_CONVERSION = YES;
				CLANG_WARN_COMMA = YES;
				CLANG_WARN_CONSTANT_CONVERSION = YES;
				CLANG_WARN_DEPRECATED_OBJC_IMPLEMENTATIONS = YES;
				CLANG_WARN_DIRECT_OBJC_ISA_USAGE = YES_ERROR;
				CLANG_WARN_DOCUMENTATION_COMMENTS = YES;
				CLANG_WARN_EMPTY_BODY = YES;
				CLANG_WARN_ENUM_CONVERSION = YES;
				CLANG_WARN_INFINITE_RECURSION = YES;
				CLANG_WARN_INT_CONVERSION = YES;
				CLANG_WARN_NON_LITERAL_NULL_CONVERSION = YES;
				CLANG_WARN_OBJC_IMPLICIT_RETAIN_SELF = YES;
				CLANG_WARN_OBJC_LITERAL_CONVERSION = YES;
				CLANG_WARN_OBJC_ROOT_CLASS = YES_ERROR;
				CLANG_WARN_RANGE_LOOP_ANALYSIS = YES;
				CLANG_WARN_STRICT_PROTOTYPES = YES;
				CLANG_WARN_SUSPICIOUS_MOVE = YES;
				CLANG_WARN_UNGUARDED_AVAILABILITY = YES_AGGRESSIVE;
				CLANG_WARN_UNREACHABLE_CODE = YES;
				CLANG_WARN__DUPLICATE_METHOD_MATCH = YES;
				CODE_SIGN_IDENTITY = "Mac Developer";
				COPY_PHASE_STRIP = NO;
				DEBUG_INFORMATION_FORMAT = "dwarf-with-dsym";
				ENABLE_NS_ASSERTIONS = NO;
				ENABLE_STRICT_OBJC_MSGSEND = YES;
				GCC_C_LANGUAGE_STANDARD = gnu11;
				GCC_NO_COMMON_BLOCKS = YES;
				GCC_WARN_64_TO_32_BIT_CONVERSION = YES;
				GCC_WARN_ABOUT_RETURN_TYPE = YES_ERROR;
				GCC_WARN_UNDECLARED_SELECTOR = YES;
				GCC_WARN_UNINITIALIZED_AUTOS = YES_AGGRESSIVE;
				GCC_WARN_UNUSED_FUNCTION = YES;
				GCC_WARN_UNUSED_VARIABLE = YES;
				MACOSX_DEPLOYMENT_TARGET = 10.10;
				MTL_ENABLE_DEBUG_INFO = NO;
				SDKROOT = macosx;
			};
			name = Release;
		};
		0B6B79FA20C17B0C0036C4FD /* Debug */ = {
			isa = XCBuildConfiguration;
			buildSettings = {
				ASSETCATALOG_COMPILER_APPICON_NAME = AppIcon;
				CODE_SIGN_ENTITLEMENTS = JsonObject/JsonObject.entitlements;
				CODE_SIGN_STYLE = Automatic;
				COMBINE_HIDPI_IMAGES = YES;
				DEVELOPMENT_TEAM = 3V6KL52KGH;
				INFOPLIST_FILE = JsonObject/Info.plist;
				LD_RUNPATH_SEARCH_PATHS = (
					"$(inherited)",
					"@executable_path/../Frameworks",
				);
				MACOSX_DEPLOYMENT_TARGET = 10.10;
				PRODUCT_BUNDLE_IDENTIFIER = cn.ronaldwong.project.JsonObject;
				PRODUCT_NAME = "$(TARGET_NAME)";
			};
			name = Debug;
		};
		0B6B79FB20C17B0C0036C4FD /* Release */ = {
			isa = XCBuildConfiguration;
			buildSettings = {
				ASSETCATALOG_COMPILER_APPICON_NAME = AppIcon;
				CODE_SIGN_ENTITLEMENTS = JsonObject/JsonObject.entitlements;
				CODE_SIGN_STYLE = Automatic;
				COMBINE_HIDPI_IMAGES = YES;
				DEVELOPMENT_TEAM = 3V6KL52KGH;
				INFOPLIST_FILE = JsonObject/Info.plist;
				LD_RUNPATH_SEARCH_PATHS = (
					"$(inherited)",
					"@executable_path/../Frameworks",
				);
				MACOSX_DEPLOYMENT_TARGET = 10.10;
				PRODUCT_BUNDLE_IDENTIFIER = cn.ronaldwong.project.JsonObject;
				PRODUCT_NAME = "$(TARGET_NAME)";
			};
			name = Release;
		};
		0B6B79FD20C17B0C0036C4FD /* Debug */ = {
			isa = XCBuildConfiguration;
			buildSettings = {
				BUNDLE_LOADER = "$(TEST_HOST)";
				CODE_SIGN_STYLE = Automatic;
				COMBINE_HIDPI_IMAGES = YES;
				DEVELOPMENT_TEAM = 3V6KL52KGH;
				INFOPLIST_FILE = JsonObjectTests/Info.plist;
				LD_RUNPATH_SEARCH_PATHS = (
					"$(inherited)",
					"@executable_path/../Frameworks",
					"@loader_path/../Frameworks",
				);
				PRODUCT_BUNDLE_IDENTIFIER = cn.ronaldwong.project.JsonObjectTests;
				PRODUCT_NAME = "$(TARGET_NAME)";
				TEST_HOST = "$(BUILT_PRODUCTS_DIR)/JsonObject.app/Contents/MacOS/JsonObject";
			};
			name = Debug;
		};
		0B6B79FE20C17B0C0036C4FD /* Release */ = {
			isa = XCBuildConfiguration;
			buildSettings = {
				BUNDLE_LOADER = "$(TEST_HOST)";
				CODE_SIGN_STYLE = Automatic;
				COMBINE_HIDPI_IMAGES = YES;
				DEVELOPMENT_TEAM = 3V6KL52KGH;
				INFOPLIST_FILE = JsonObjectTests/Info.plist;
				LD_RUNPATH_SEARCH_PATHS = (
					"$(inherited)",
					"@executable_path/../Frameworks",
					"@loader_path/../Frameworks",
				);
				PRODUCT_BUNDLE_IDENTIFIER = cn.ronaldwong.project.JsonObjectTests;
				PRODUCT_NAME = "$(TARGET_NAME)";
				TEST_HOST = "$(BUILT_PRODUCTS_DIR)/JsonObject.app/Contents/MacOS/JsonObject";
			};
			name = Release;
		};
		0B6B7A0020C17B0C0036C4FD /* Debug */ = {
			isa = XCBuildConfiguration;
			buildSettings = {
				CODE_SIGN_STYLE = Automatic;
				COMBINE_HIDPI_IMAGES = YES;
				DEVELOPMENT_TEAM = 3V6KL52KGH;
				INFOPLIST_FILE = JsonObjectUITests/Info.plist;
				LD_RUNPATH_SEARCH_PATHS = (
					"$(inherited)",
					"@executable_path/../Frameworks",
					"@loader_path/../Frameworks",
				);
				PRODUCT_BUNDLE_IDENTIFIER = cn.ronaldwong.project.JsonObjectUITests;
				PRODUCT_NAME = "$(TARGET_NAME)";
				TEST_TARGET_NAME = JsonObject;
			};
			name = Debug;
		};
		0B6B7A0120C17B0C0036C4FD /* Release */ = {
			isa = XCBuildConfiguration;
			buildSettings = {
				CODE_SIGN_STYLE = Automatic;
				COMBINE_HIDPI_IMAGES = YES;
				DEVELOPMENT_TEAM = 3V6KL52KGH;
				INFOPLIST_FILE = JsonObjectUITests/Info.plist;
				LD_RUNPATH_SEARCH_PATHS = (
					"$(inherited)",
					"@executable_path/../Frameworks",
					"@loader_path/../Frameworks",
				);
				PRODUCT_BUNDLE_IDENTIFIER = cn.ronaldwong.project.JsonObjectUITests;
				PRODUCT_NAME = "$(TARGET_NAME)";
				TEST_TARGET_NAME = JsonObject;
			};
			name = Release;
		};
/* End XCBuildConfiguration section */

/* Begin XCConfigurationList section */
		0B6B79CD20C17B0A0036C4FD /* Build configuration list for PBXProject "JsonObject" */ = {
			isa = XCConfigurationList;
			buildConfigurations = (
				0B6B79F720C17B0C0036C4FD /* Debug */,
				0B6B79F820C17B0C0036C4FD /* Release */,
			);
			defaultConfigurationIsVisible = 0;
			defaultConfigurationName = Release;
		};
		0B6B79F920C17B0C0036C4FD /* Build configuration list for PBXNativeTarget "JsonObject" */ = {
			isa = XCConfigurationList;
			buildConfigurations = (
				0B6B79FA20C17B0C0036C4FD /* Debug */,
				0B6B79FB20C17B0C0036C4FD /* Release */,
			);
			defaultConfigurationIsVisible = 0;
			defaultConfigurationName = Release;
		};
		0B6B79FC20C17B0C0036C4FD /* Build configuration list for PBXNativeTarget "JsonObjectTests" */ = {
			isa = XCConfigurationList;
			buildConfigurations = (
				0B6B79FD20C17B0C0036C4FD /* Debug */,
				0B6B79FE20C17B0C0036C4FD /* Release */,
			);
			defaultConfigurationIsVisible = 0;
			defaultConfigurationName = Release;
		};
		0B6B79FF20C17B0C0036C4FD /* Build configuration list for PBXNativeTarget "JsonObjectUITests" */ = {
			isa = XCConfigurationList;
			buildConfigurations = (
				0B6B7A0020C17B0C0036C4FD /* Debug */,
				0B6B7A0120C17B0C0036C4FD /* Release */,
			);
			defaultConfigurationIsVisible = 0;
			defaultConfigurationName = Release;
		};
/* End XCConfigurationList section */
	};
	rootObject = 0B6B79CA20C17B0A0036C4FD /* Project object */;
}
